
Microsoft Visual Studio Solution File, Format Version 12.00
# Visual Studio Version 16
VisualStudioVersion = 16.0.31911.196
MinimumVisualStudioVersion = 10.0.40219.1
Project("{FAE04EC0-301F-11D3-BF4B-00C04F79EFBC}") = "rest-api-f1", "rest-api-f1\rest-api-f1.csproj", "{49F6CDD9-C32E-455F-8A44-2F08CB05BD05}"
EndProject
Global
	GlobalSection(SolutionConfigurationPlatforms) = preSolution
		Debug|Any CPU = Debug|Any CPU
		Release|Any CPU = Release|Any CPU
	EndGlobalSection
	GlobalSection(ProjectConfigurationPlatforms) = postSolution
		{49F6CDD9-C32E-455F-8A44-2F08CB05BD05}.Debug|Any CPU.ActiveCfg = Debug|Any CPU
		{49F6CDD9-C32E-455F-8A44-2F08CB05BD05}.Debug|Any CPU.Build.0 = Debug|Any CPU
		{49F6CDD9-C32E-455F-8A44-2F08CB05BD05}.Release|Any CPU.ActiveCfg = Release|Any CPU
		{49F6CDD9-C32E-455F-8A44-2F08CB05BD05}.Release|Any CPU.Build.0 = Release|Any CPU
	EndGlobalSection
	GlobalSection(SolutionProperties) = preSolution
		HideSolutionNode = FALSE
	EndGlobalSection
	GlobalSection(ExtensibilityGlobals) = postSolution
		SolutionGuid = {D8609A6E-913D-4DBF-BFD9-4D44AD314A29}
	EndGlobalSection
EndGlobal
